
Microsoft Visual Studio Solution File, Format Version 12.00
# Visual Studio Version 17
VisualStudioVersion = 17.11.35208.52
MinimumVisualStudioVersion = 10.0.40219.1
Project("{FAE04EC0-301F-11D3-BF4B-00C04F79EFBC}") = "HaverestFarm_Serializer", "HaverestFarm_Serializer\HaverestFarm_Serializer.csproj", "{DBCDECC8-3039-45DE-A5CD-2723AF5C15EA}"
EndProject
Global
	GlobalSection(SolutionConfigurationPlatforms) = preSolution
		Debug|Any CPU = Debug|Any CPU
		Release|Any CPU = Release|Any CPU
	EndGlobalSection
	GlobalSection(ProjectConfigurationPlatforms) = postSolution
		{DBCDECC8-3039-45DE-A5CD-2723AF5C15EA}.Debug|Any CPU.ActiveCfg = Debug|Any CPU
		{DBCDECC8-3039-45DE-A5CD-2723AF5C15EA}.Debug|Any CPU.Build.0 = Debug|Any CPU
		{DBCDECC8-3039-45DE-A5CD-2723AF5C15EA}.Release|Any CPU.ActiveCfg = Release|Any CPU
		{DBCDECC8-3039-45DE-A5CD-2723AF5C15EA}.Release|Any CPU.Build.0 = Release|Any CPU
	EndGlobalSection
	GlobalSection(SolutionProperties) = preSolution
		HideSolutionNode = FALSE
	EndGlobalSection
	GlobalSection(ExtensibilityGlobals) = postSolution
		SolutionGuid = {81597600-6621-480C-AE55-B9D33DFA576A}
	EndGlobalSection
EndGlobal
